
Microsoft Visual Studio Solution File, Format Version 12.00
# Visual Studio Version 17
VisualStudioVersion = 17.7.34031.279
MinimumVisualStudioVersion = 10.0.40219.1
Project("{9A19103F-16F7-4668-BE54-9A1E7A4F7556}") = "WebApplication2", "WebApplication2.csproj", "{ACEE7B8D-EE5C-4E7C-A8D2-843943E90FA6}"
EndProject
Project("{2150E333-8FDC-42A3-9474-1A3956D46DE8}") = "tests", "tests", "{EAC8B3DE-AF89-40F0-9C1D-3FF370901EDF}"
EndProject
Project("{9A19103F-16F7-4668-BE54-9A1E7A4F7556}") = "IntegratedTest", "tests\IntegratedTest\IntegratedTest.csproj", "{8B017A34-3F7D-461B-BB7E-B8CE55CBC938}"
EndProject
Project("{9A19103F-16F7-4668-BE54-9A1E7A4F7556}") = "UnitTests", "tests\UnitTests\UnitTests.csproj", "{2EEE2E79-7A9C-4047-AA78-DFC298DA920B}"
EndProject
Global
	GlobalSection(SolutionConfigurationPlatforms) = preSolution
		Debug|Any CPU = Debug|Any CPU
		Release|Any CPU = Release|Any CPU
	EndGlobalSection
	GlobalSection(ProjectConfigurationPlatforms) = postSolution
		{ACEE7B8D-EE5C-4E7C-A8D2-843943E90FA6}.Debug|Any CPU.ActiveCfg = Debug|Any CPU
		{ACEE7B8D-EE5C-4E7C-A8D2-843943E90FA6}.Debug|Any CPU.Build.0 = Debug|Any CPU
		{ACEE7B8D-EE5C-4E7C-A8D2-843943E90FA6}.Release|Any CPU.ActiveCfg = Release|Any CPU
		{ACEE7B8D-EE5C-4E7C-A8D2-843943E90FA6}.Release|Any CPU.Build.0 = Release|Any CPU
		{8B017A34-3F7D-461B-BB7E-B8CE55CBC938}.Debug|Any CPU.ActiveCfg = Debug|Any CPU
		{8B017A34-3F7D-461B-BB7E-B8CE55CBC938}.Debug|Any CPU.Build.0 = Debug|Any CPU
		{8B017A34-3F7D-461B-BB7E-B8CE55CBC938}.Release|Any CPU.ActiveCfg = Release|Any CPU
		{8B017A34-3F7D-461B-BB7E-B8CE55CBC938}.Release|Any CPU.Build.0 = Release|Any CPU
		{2EEE2E79-7A9C-4047-AA78-DFC298DA920B}.Debug|Any CPU.ActiveCfg = Debug|Any CPU
		{2EEE2E79-7A9C-4047-AA78-DFC298DA920B}.Debug|Any CPU.Build.0 = Debug|Any CPU
		{2EEE2E79-7A9C-4047-AA78-DFC298DA920B}.Release|Any CPU.ActiveCfg = Release|Any CPU
		{2EEE2E79-7A9C-4047-AA78-DFC298DA920B}.Release|Any CPU.Build.0 = Release|Any CPU
	EndGlobalSection
	GlobalSection(SolutionProperties) = preSolution
		HideSolutionNode = FALSE
	EndGlobalSection
	GlobalSection(NestedProjects) = preSolution
		{8B017A34-3F7D-461B-BB7E-B8CE55CBC938} = {EAC8B3DE-AF89-40F0-9C1D-3FF370901EDF}
		{2EEE2E79-7A9C-4047-AA78-DFC298DA920B} = {EAC8B3DE-AF89-40F0-9C1D-3FF370901EDF}
	EndGlobalSection
	GlobalSection(ExtensibilityGlobals) = postSolution
		SolutionGuid = {4A6AD46C-CE08-486B-9EBA-2447DF83553B}
	EndGlobalSection
EndGlobal
